{
    "name": "javascript_test",
    "version": "1.0.0",
    "lockfileVersion": 3,
    "requires": true,
    "packages": {
        "": {
            "name": "javascript_test",
            "version": "1.0.0",
            "dependencies": {
                "pocketbase": "^0.22.0"
            }
        },
        "node_modules/pocketbase": {
            "version": "0.22.1",
            "resolved": "https://registry.npmjs.org/pocketbase/-/pocketbase-0.22.1.tgz",
            "integrity": "sha512-hnzpDcIx5kbkUJXz6IkiTox6R4nb706u4rPSMy2FYCaI2OqBnFxbY0qwWBSqx1ERz/Xi61Uguf17Gb9bWZ8+kw==",
            "license": "MIT"
        }
    }
}
